
Microsoft Visual Studio Solution File, Format Version 12.00
# Visual Studio 15
VisualStudioVersion = 15.0.28307.489
MinimumVisualStudioVersion = 10.0.40219.1
Project("{9A19103F-16F7-4668-BE54-9A1E7A4F7556}") = "staticCors", "staticCors\staticCors.csproj", "{6A10C989-2944-4D23-B318-1DE61D4F460A}"
EndProject
Project("{9A19103F-16F7-4668-BE54-9A1E7A4F7556}") = "staticCorsClient", "staticCorsClient\staticCorsClient.csproj", "{E97A7C72-5735-4153-BDB2-67BB0FC09426}"
EndProject
Global
	GlobalSection(SolutionConfigurationPlatforms) = preSolution
		Debug|Any CPU = Debug|Any CPU
		Release|Any CPU = Release|Any CPU
	EndGlobalSection
	GlobalSection(ProjectConfigurationPlatforms) = postSolution
		{6A10C989-2944-4D23-B318-1DE61D4F460A}.Debug|Any CPU.ActiveCfg = Debug|Any CPU
		{6A10C989-2944-4D23-B318-1DE61D4F460A}.Debug|Any CPU.Build.0 = Debug|Any CPU
		{6A10C989-2944-4D23-B318-1DE61D4F460A}.Release|Any CPU.ActiveCfg = Release|Any CPU
		{6A10C989-2944-4D23-B318-1DE61D4F460A}.Release|Any CPU.Build.0 = Release|Any CPU
		{E97A7C72-5735-4153-BDB2-67BB0FC09426}.Debug|Any CPU.ActiveCfg = Debug|Any CPU
		{E97A7C72-5735-4153-BDB2-67BB0FC09426}.Debug|Any CPU.Build.0 = Debug|Any CPU
		{E97A7C72-5735-4153-BDB2-67BB0FC09426}.Release|Any CPU.ActiveCfg = Release|Any CPU
		{E97A7C72-5735-4153-BDB2-67BB0FC09426}.Release|Any CPU.Build.0 = Release|Any CPU
	EndGlobalSection
	GlobalSection(SolutionProperties) = preSolution
		HideSolutionNode = FALSE
	EndGlobalSection
	GlobalSection(ExtensibilityGlobals) = postSolution
		SolutionGuid = {0B330259-22E9-42CA-A211-4C4E4E180244}
	EndGlobalSection
EndGlobal
